// !$*UTF8*$!
{
	archiveVersion = 1;
	classes = {
	};
	objectVersion = 46;
	objects = {

/* Begin PBXBuildFile section */
		E98501671EAAC29F00ED69BE /* AppDelegate.swift in Sources */ = {isa = PBXBuildFile; fileRef = E98501661EAAC29F00ED69BE /* AppDelegate.swift */; };
		E98501691EAAC29F00ED69BE /* MasterViewController.swift in Sources */ = {isa = PBXBuildFile; fileRef = E98501681EAAC29F00ED69BE /* MasterViewController.swift */; };
		E985016B1EAAC29F00ED69BE /* DetailViewController.swift in Sources */ = {isa = PBXBuildFile; fileRef = E985016A1EAAC29F00ED69BE /* DetailViewController.swift */; };
		E985016E1EAAC29F00ED69BE /* Main.storyboard in Resources */ = {isa = PBXBuildFile; fileRef = E985016C1EAAC29F00ED69BE /* Main.storyboard */; };
		E98501701EAAC29F00ED69BE /* Assets.xcassets in Resources */ = {isa = PBXBuildFile; fileRef = E985016F1EAAC29F00ED69BE /* Assets.xcassets */; };
		E98501731EAAC29F00ED69BE /* LaunchScreen.storyboard in Resources */ = {isa = PBXBuildFile; fileRef = E98501711EAAC29F00ED69BE /* LaunchScreen.storyboard */; };
/* End PBXBuildFile section */

/* Begin PBXFileReference section */
		E98501631EAAC29F00ED69BE /* SplitView.app */ = {isa = PBXFileReference; explicitFileType = wrapper.application; includeInIndex = 0; path = SplitView.app; sourceTree = BUILT_PRODUCTS_DIR; };
		E98501661EAAC29F00ED69BE /* AppDelegate.swift */ = {isa = PBXFileReference; lastKnownFileType = sourcecode.swift; path = AppDelegate.swift; sourceTree = "<group>"; };
		E98501681EAAC29F00ED69BE /* MasterViewController.swift */ = {isa = PBXFileReference; lastKnownFileType = sourcecode.swift; path = MasterViewController.swift; sourceTree = "<group>"; };
		E985016A1EAAC29F00ED69BE /* DetailViewController.swift */ = {isa = PBXFileReference; lastKnownFileType = sourcecode.swift; path = DetailViewController.swift; sourceTree = "<group>"; };
		E985016D1EAAC29F00ED69BE /* Base */ = {isa = PBXFileReference; lastKnownFileType = file.storyboard; name = Base; path = Base.lproj/Main.storyboard; sourceTree = "<group>"; };
		E985016F1EAAC29F00ED69BE /* Assets.xcassets */ = {isa = PBXFileReference; lastKnownFileType = folder.assetcatalog; path = Assets.xcassets; sourceTree = "<group>"; };
		E98501721EAAC29F00ED69BE /* Base */ = {isa = PBXFileReference; lastKnownFileType = file.storyboard; name = Base; path = Base.lproj/LaunchScreen.storyboard; sourceTree = "<group>"; };
		E98501741EAAC29F00ED69BE /* Info.plist */ = {isa = PBXFileReference; lastKnownFileType = text.plist.xml; path = Info.plist; sourceTree = "<group>"; };
/* End PBXFileReference section */

/* Begin PBXFrameworksBuildPhase section */
		E98501601EAAC29F00ED69BE /* Frameworks */ = {
			isa = PBXFrameworksBuildPhase;
			buildActionMask = 2147483647;
			files = (
			);
			runOnlyForDeploymentPostprocessing = 0;
		};
/* End PBXFrameworksBuildPhase section */

/* Begin PBXGroup section */
		E985015A1EAAC29F00ED69BE = {
			isa = PBXGroup;
			children = (
				E98501651EAAC29F00ED69BE /* SplitView */,
				E98501641EAAC29F00ED69BE /* Products */,
			);
			sourceTree = "<group>";
		};
		E98501641EAAC29F00ED69BE /* Products */ = {
			isa = PBXGroup;
			children = (
				E98501631EAAC29F00ED69BE /* SplitView.app */,
			);
			name = Products;
			sourceTree = "<group>";
		};
		E98501651EAAC29F00ED69BE /* SplitView */ = {
			isa = PBXGroup;
			children = (
				E98501661EAAC29F00ED69BE /* AppDelegate.swift */,
				E98501681EAAC29F00ED69BE /* MasterViewController.swift */,
				E985016A1EAAC29F00ED69BE /* DetailViewController.swift */,
				E985016C1EAAC29F00ED69BE /* Main.storyboard */,
				E985016F1EAAC29F00ED69BE /* Assets.xcassets */,
				E98501711EAAC29F00ED69BE /* LaunchScreen.storyboard */,
				E98501741EAAC29F00ED69BE /* Info.plist */,
			);
			path = SplitView;
			sourceTree = "<group>";
		};
/* End PBXGroup section */

/* Begin PBXNativeTarget section */
		E98501621EAAC29F00ED69BE /* SplitView */ = {
			isa = PBXNativeTarget;
			buildConfigurationList = E98501771EAAC29F00ED69BE /* Build configuration list for PBXNativeTarget "SplitView" */;
			buildPhases = (
				E985015F1EAAC29F00ED69BE /* Sources */,
				E98501601EAAC29F00ED69BE /* Frameworks */,
				E98501611EAAC29F00ED69BE /* Resources */,
			);
			buildRules = (
			);
			dependencies = (
			);
			name = SplitView;
			productName = SplitView;
			productReference = E98501631EAAC29F00ED69BE /* SplitView.app */;
			productType = "com.apple.product-type.application";
		};
/* End PBXNativeTarget section */

/* Begin PBXProject section */
		E985015B1EAAC29F00ED69BE /* Project object */ = {
			isa = PBXProject;
			attributes = {
				LastSwiftUpdateCheck = 0830;
				LastUpgradeCheck = 0830;
				ORGANIZATIONNAME = com.Dillard;
				TargetAttributes = {
					E98501621EAAC29F00ED69BE = {
						CreatedOnToolsVersion = 8.3.1;
						DevelopmentTeam = N6KNGSL5QC;
						ProvisioningStyle = Automatic;
					};
				};
			};
			buildConfigurationList = E985015E1EAAC29F00ED69BE /* Build configuration list for PBXProject "SplitView" */;
			compatibilityVersion = "Xcode 3.2";
			developmentRegion = English;
			hasScannedForEncodings = 0;
			knownRegions = (
				en,
				Base,
			);
			mainGroup = E985015A1EAAC29F00ED69BE;
			productRefGroup = E98501641EAAC29F00ED69BE /* Products */;
			projectDirPath = "";
			projectRoot = "";
			targets = (
				E98501621EAAC29F00ED69BE /* SplitView */,
			);
		};
/* End PBXProject section */

/* Begin PBXResourcesBuildPhase section */
		E98501611EAAC29F00ED69BE /* Resources */ = {
			isa = PBXResourcesBuildPhase;
			buildActionMask = 2147483647;
			files = (
				E98501731EAAC29F00ED69BE /* LaunchScreen.storyboard in Resources */,
				E98501701EAAC29F00ED69BE /* Assets.xcassets in Resources */,
				E985016E1EAAC29F00ED69BE /* Main.storyboard in Resources */,
			);
			runOnlyForDeploymentPostprocessing = 0;
		};
/* End PBXResourcesBuildPhase section */

/* Begin PBXSourcesBuildPhase section */
		E985015F1EAAC29F00ED69BE /* Sources */ = {
			isa = PBXSourcesBuildPhase;
			buildActionMask = 2147483647;
			files = (
				E985016B1EAAC29F00ED69BE /* DetailViewController.swift in Sources */,
				E98501691EAAC29F00ED69BE /* MasterViewController.swift in Sources */,
				E98501671EAAC29F00ED69BE /* AppDelegate.swift in Sources */,
			);
			runOnlyForDeploymentPostprocessing = 0;
		};
/* End PBXSourcesBuildPhase section */

/* Begin PBXVariantGroup section */
		E985016C1EAAC29F00ED69BE /* Main.storyboard */ = {
			isa = PBXVariantGroup;
			children = (
				E985016D1EAAC29F00ED69BE /* Base */,
			);
			name = Main.storyboard;
			sourceTree = "<group>";
		};
		E98501711EAAC29F00ED69BE /* LaunchScreen.storyboard */ = {
			isa = PBXVariantGroup;
			children = (
				E98501721EAAC29F00ED69BE /* Base */,
			);
			name = LaunchScreen.storyboard;
			sourceTree = "<group>";
		};
/* End PBXVariantGroup section */

/* Begin XCBuildConfiguration section */
		E98501751EAAC29F00ED69BE /* Debug */ = {
			isa = XCBuildConfiguration;
			buildSettings = {
				ALWAYS_SEARCH_USER_PATHS = NO;
				CLANG_ANALYZER_NONNULL = YES;
				CLANG_ANALYZER_NUMBER_OBJECT_CONVERSION = YES_AGGRESSIVE;
				CLANG_CXX_LANGUAGE_STANDARD = "gnu++0x";
				CLANG_CXX_LIBRARY = "libc++";
				CLANG_ENABLE_MODULES = YES;
				CLANG_ENABLE_OBJC_ARC = YES;
				CLANG_WARN_BOOL_CONVERSION = YES;
				CLANG_WARN_CONSTANT_CONVERSION = YES;
				CLANG_WARN_DIRECT_OBJC_ISA_USAGE = YES_ERROR;
				CLANG_WARN_DOCUMENTATION_COMMENTS = YES;
				CLANG_WARN_EMPTY_BODY = YES;
				CLANG_WARN_ENUM_CONVERSION = YES;
				CLANG_WARN_INFINITE_RECURSION = YES;
				CLANG_WARN_INT_CONVERSION = YES;
				CLANG_WARN_OBJC_ROOT_CLASS = YES_ERROR;
				CLANG_WARN_SUSPICIOUS_MOVE = YES;
				CLANG_WARN_UNREACHABLE_CODE = YES;
				CLANG_WARN__DUPLICATE_METHOD_MATCH = YES;
				"CODE_SIGN_IDENTITY[sdk=iphoneos*]" = "iPhone Developer";
				COPY_PHASE_STRIP = NO;
				DEBUG_INFORMATION_FORMAT = dwarf;
				ENABLE_STRICT_OBJC_MSGSEND = YES;
				ENABLE_TESTABILITY = YES;
				GCC_C_LANGUAGE_STANDARD = gnu99;
				GCC_DYNAMIC_NO_PIC = NO;
				GCC_NO_COMMON_BLOCKS = YES;
				GCC_OPTIMIZATION_LEVEL = 0;
				GCC_PREPROCESSOR_DEFINITIONS = (
					"DEBUG=1",
					"$(inherited)",
				);
				GCC_WARN_64_TO_32_BIT_CONVERSION = YES;
				GCC_WARN_ABOUT_RETURN_TYPE = YES_ERROR;
				GCC_WARN_UNDECLARED_SELECTOR = YES;
				GCC_WARN_UNINITIALIZED_AUTOS = YES_AGGRESSIVE;
				GCC_WARN_UNUSED_FUNCTION = YES;
				GCC_WARN_UNUSED_VARIABLE = YES;
				IPHONEOS_DEPLOYMENT_TARGET = 10.3;
				MTL_ENABLE_DEBUG_INFO = YES;
				ONLY_ACTIVE_ARCH = YES;
				SDKROOT = iphoneos;
				SWIFT_ACTIVE_COMPILATION_CONDITIONS = DEBUG;
				SWIFT_OPTIMIZATION_LEVEL = "-Onone";
				TARGETED_DEVICE_FAMILY = "1,2";
			};
			name = Debug;
		};
		E98501761EAAC29F00ED69BE /* Release */ = {
			isa = XCBuildConfiguration;
			buildSettings = {
				ALWAYS_SEARCH_USER_PATHS = NO;
				CLANG_ANALYZER_NONNULL = YES;
				CLANG_ANALYZER_NUMBER_OBJECT_CONVERSION = YES_AGGRESSIVE;
				CLANG_CXX_LANGUAGE_STANDARD = "gnu++0x";
				CLANG_CXX_LIBRARY = "libc++";
				CLANG_ENABLE_MODULES = YES;
				CLANG_ENABLE_OBJC_ARC = YES;
				CLANG_WARN_BOOL_CONVERSION = YES;
				CLANG_WARN_CONSTANT_CONVERSION = YES;
				CLANG_WARN_DIRECT_OBJC_ISA_USAGE = YES_ERROR;
				CLANG_WARN_DOCUMENTATION_COMMENTS = YES;
				CLANG_WARN_EMPTY_BODY = YES;
				CLANG_WARN_ENUM_CONVERSION = YES;
				CLANG_WARN_INFINITE_RECURSION = YES;
				CLANG_WARN_INT_CONVERSION = YES;
				CLANG_WARN_OBJC_ROOT_CLASS = YES_ERROR;
				CLANG_WARN_SUSPICIOUS_MOVE = YES;
				CLANG_WARN_UNREACHABLE_CODE = YES;
				CLANG_WARN__DUPLICATE_METHOD_MATCH = YES;
				"CODE_SIGN_IDENTITY[sdk=iphoneos*]" = "iPhone Developer";
				COPY_PHASE_STRIP = NO;
				DEBUG_INFORMATION_FORMAT = "dwarf-with-dsym";
				ENABLE_NS_ASSERTIONS = NO;
				ENABLE_STRICT_OBJC_MSGSEND = YES;
				GCC_C_LANGUAGE_STANDARD = gnu99;
				GCC_NO_COMMON_BLOCKS = YES;
				GCC_WARN_64_TO_32_BIT_CONVERSION = YES;
				GCC_WARN_ABOUT_RETURN_TYPE = YES_ERROR;
				GCC_WARN_UNDECLARED_SELECTOR = YES;
				GCC_WARN_UNINITIALIZED_AUTOS = YES_AGGRESSIVE;
				GCC_WARN_UNUSED_FUNCTION = YES;
				GCC_WARN_UNUSED_VARIABLE = YES;
				IPHONEOS_DEPLOYMENT_TARGET = 10.3;
				MTL_ENABLE_DEBUG_INFO = NO;
				SDKROOT = iphoneos;
				SWIFT_OPTIMIZATION_LEVEL = "-Owholemodule";
				TARGETED_DEVICE_FAMILY = "1,2";
				VALIDATE_PRODUCT = YES;
			};
			name = Release;
		};
		E98501781EAAC29F00ED69BE /* Debug */ = {
			isa = XCBuildConfiguration;
			buildSettings = {
				ASSETCATALOG_COMPILER_APPICON_NAME = AppIcon;
				DEVELOPMENT_TEAM = N6KNGSL5QC;
				INFOPLIST_FILE = SplitView/Info.plist;
				LD_RUNPATH_SEARCH_PATHS = "$(inherited) @executable_path/Frameworks";
				PRODUCT_BUNDLE_IDENTIFIER = CGS.SplitView;
				PRODUCT_NAME = "$(TARGET_NAME)";
				SWIFT_VERSION = 3.0;
			};
			name = Debug;
		};
		E98501791EAAC29F00ED69BE /* Release */ = {
			isa = XCBuildConfiguration;
			buildSettings = {
				ASSETCATALOG_COMPILER_APPICON_NAME = AppIcon;
				DEVELOPMENT_TEAM = N6KNGSL5QC;
				INFOPLIST_FILE = SplitView/Info.plist;
				LD_RUNPATH_SEARCH_PATHS = "$(inherited) @executable_path/Frameworks";
				PRODUCT_BUNDLE_IDENTIFIER = CGS.SplitView;
				PRODUCT_NAME = "$(TARGET_NAME)";
				SWIFT_VERSION = 3.0;
			};
			name = Release;
		};
/* End XCBuildConfiguration section */

/* Begin XCConfigurationList section */
		E985015E1EAAC29F00ED69BE /* Build configuration list for PBXProject "SplitView" */ = {
			isa = XCConfigurationList;
			buildConfigurations = (
				E98501751EAAC29F00ED69BE /* Debug */,
				E98501761EAAC29F00ED69BE /* Release */,
			);
			defaultConfigurationIsVisible = 0;
			defaultConfigurationName = Release;
		};
		E98501771EAAC29F00ED69BE /* Build configuration list for PBXNativeTarget "SplitView" */ = {
			isa = XCConfigurationList;
			buildConfigurations = (
				E98501781EAAC29F00ED69BE /* Debug */,
				E98501791EAAC29F00ED69BE /* Release */,
			);
			defaultConfigurationIsVisible = 0;
		};
/* End XCConfigurationList section */
	};
	rootObject = E985015B1EAAC29F00ED69BE /* Project object */;
}
